
Microsoft Visual Studio Solution File, Format Version 12.00
Project("{FAE04EC0-301F-11D3-BF4B-00C04F79EFBC}") = "set", "set\set.csproj", "{3621B062-108E-4645-A50B-E2FC381973DF}"
EndProject
Global
	GlobalSection(SolutionConfigurationPlatforms) = preSolution
		Debug|Any CPU = Debug|Any CPU
		Release|Any CPU = Release|Any CPU
	EndGlobalSection
	GlobalSection(ProjectConfigurationPlatforms) = postSolution
		{3621B062-108E-4645-A50B-E2FC381973DF}.Debug|Any CPU.ActiveCfg = Debug|Any CPU
		{3621B062-108E-4645-A50B-E2FC381973DF}.Debug|Any CPU.Build.0 = Debug|Any CPU
		{3621B062-108E-4645-A50B-E2FC381973DF}.Release|Any CPU.ActiveCfg = Release|Any CPU
		{3621B062-108E-4645-A50B-E2FC381973DF}.Release|Any CPU.Build.0 = Release|Any CPU
	EndGlobalSection
EndGlobal
